// !$*UTF8*$!
{
	archiveVersion = 1;
	classes = {
	};
	objectVersion = 56;
	objects = {

/* Begin PBXBuildFile section */
		3BCF0C0C2929A7C200437E97 /* AppDelegate.swift in Sources */ = {isa = PBXBuildFile; fileRef = 3BCF0C0B2929A7C200437E97 /* AppDelegate.swift */; };
		3BCF0C102929A7C200437E97 /* Main.html in Resources */ = {isa = PBXBuildFile; fileRef = 3BCF0C0E2929A7C200437E97 /* Main.html */; };
		3BCF0C122929A7C200437E97 /* Icon.png in Resources */ = {isa = PBXBuildFile; fileRef = 3BCF0C112929A7C200437E97 /* Icon.png */; };
		3BCF0C142929A7C200437E97 /* Style.css in Resources */ = {isa = PBXBuildFile; fileRef = 3BCF0C132929A7C200437E97 /* Style.css */; };
		3BCF0C162929A7C200437E97 /* SceneDelegate.swift in Sources */ = {isa = PBXBuildFile; fileRef = 3BCF0C152929A7C200437E97 /* SceneDelegate.swift */; };
		3BCF0C182929A7C200437E97 /* ViewController.swift in Sources */ = {isa = PBXBuildFile; fileRef = 3BCF0C172929A7C200437E97 /* ViewController.swift */; };
		3BCF0C1B2929A7C200437E97 /* LaunchScreen.storyboard in Resources */ = {isa = PBXBuildFile; fileRef = 3BCF0C192929A7C200437E97 /* LaunchScreen.storyboard */; };
		3BCF0C1E2929A7C200437E97 /* Main.storyboard in Resources */ = {isa = PBXBuildFile; fileRef = 3BCF0C1C2929A7C200437E97 /* Main.storyboard */; };
		3BCF0C262929A7C300437E97 /* Kagi Search Extension.appex in Embed Foundation Extensions */ = {isa = PBXBuildFile; fileRef = 3BCF0C252929A7C300437E97 /* Kagi Search Extension.appex */; settings = {ATTRIBUTES = (RemoveHeadersOnCopy, ); }; };
		3BCF0C2B2929A7C300437E97 /* SafariWebExtensionHandler.swift in Sources */ = {isa = PBXBuildFile; fileRef = 3BCF0C2A2929A7C300437E97 /* SafariWebExtensionHandler.swift */; };
		3BCF0C2E2929A7C300437E97 /* _locales in Resources */ = {isa = PBXBuildFile; fileRef = 3BCF0C2D2929A7C300437E97 /* _locales */; };
		3BCF0C302929A7C300437E97 /* images in Resources */ = {isa = PBXBuildFile; fileRef = 3BCF0C2F2929A7C300437E97 /* images */; };
		3BCF0C322929A7C300437E97 /* manifest.json in Resources */ = {isa = PBXBuildFile; fileRef = 3BCF0C312929A7C300437E97 /* manifest.json */; };
		3BCF0C342929A7C300437E97 /* background.js in Resources */ = {isa = PBXBuildFile; fileRef = 3BCF0C332929A7C300437E97 /* background.js */; };
		3BCF0C362929A7C300437E97 /* content.js in Resources */ = {isa = PBXBuildFile; fileRef = 3BCF0C352929A7C300437E97 /* content.js */; };
		3BCF0C3E2929A7C300437E97 /* Assets.xcassets in Resources */ = {isa = PBXBuildFile; fileRef = 3BCF0C1F2929A7C300437E97 /* Assets.xcassets */; };
/* End PBXBuildFile section */

/* Begin PBXContainerItemProxy section */
		3BCF0C272929A7C300437E97 /* PBXContainerItemProxy */ = {
			isa = PBXContainerItemProxy;
			containerPortal = 3BCF0C002929A7C200437E97 /* Project object */;
			proxyType = 1;
			remoteGlobalIDString = 3BCF0C242929A7C300437E97;
			remoteInfo = "Kagi Search Extension";
		};
/* End PBXContainerItemProxy section */

/* Begin PBXCopyFilesBuildPhase section */
		3BCF0C442929A7C300437E97 /* Embed Foundation Extensions */ = {
			isa = PBXCopyFilesBuildPhase;
			buildActionMask = 2147483647;
			dstPath = "";
			dstSubfolderSpec = 13;
			files = (
				3BCF0C262929A7C300437E97 /* Kagi Search Extension.appex in Embed Foundation Extensions */,
			);
			name = "Embed Foundation Extensions";
			runOnlyForDeploymentPostprocessing = 0;
		};
/* End PBXCopyFilesBuildPhase section */

/* Begin PBXFileReference section */
		3BCF0C082929A7C200437E97 /* Kagi Search.app */ = {isa = PBXFileReference; explicitFileType = wrapper.application; includeInIndex = 0; path = "Kagi Search.app"; sourceTree = BUILT_PRODUCTS_DIR; };
		3BCF0C0B2929A7C200437E97 /* AppDelegate.swift */ = {isa = PBXFileReference; lastKnownFileType = sourcecode.swift; path = AppDelegate.swift; sourceTree = "<group>"; };
		3BCF0C0F2929A7C200437E97 /* Base */ = {isa = PBXFileReference; lastKnownFileType = text.html; name = Base; path = ../Base.lproj/Main.html; sourceTree = "<group>"; };
		3BCF0C112929A7C200437E97 /* Icon.png */ = {isa = PBXFileReference; lastKnownFileType = image.png; path = Icon.png; sourceTree = "<group>"; };
		3BCF0C132929A7C200437E97 /* Style.css */ = {isa = PBXFileReference; lastKnownFileType = text.css; path = Style.css; sourceTree = "<group>"; };
		3BCF0C152929A7C200437E97 /* SceneDelegate.swift */ = {isa = PBXFileReference; lastKnownFileType = sourcecode.swift; path = SceneDelegate.swift; sourceTree = "<group>"; };
		3BCF0C172929A7C200437E97 /* ViewController.swift */ = {isa = PBXFileReference; lastKnownFileType = sourcecode.swift; path = ViewController.swift; sourceTree = "<group>"; };
		3BCF0C1A2929A7C200437E97 /* Base */ = {isa = PBXFileReference; lastKnownFileType = file.storyboard; name = Base; path = Base.lproj/LaunchScreen.storyboard; sourceTree = "<group>"; };
		3BCF0C1D2929A7C200437E97 /* Base */ = {isa = PBXFileReference; lastKnownFileType = file.storyboard; name = Base; path = Base.lproj/Main.storyboard; sourceTree = "<group>"; };
		3BCF0C1F2929A7C300437E97 /* Assets.xcassets */ = {isa = PBXFileReference; lastKnownFileType = folder.assetcatalog; path = Assets.xcassets; sourceTree = "<group>"; };
		3BCF0C202929A7C300437E97 /* Info.plist */ = {isa = PBXFileReference; lastKnownFileType = text.plist.xml; path = Info.plist; sourceTree = "<group>"; };
		3BCF0C252929A7C300437E97 /* Kagi Search Extension.appex */ = {isa = PBXFileReference; explicitFileType = "wrapper.app-extension"; includeInIndex = 0; path = "Kagi Search Extension.appex"; sourceTree = BUILT_PRODUCTS_DIR; };
		3BCF0C2A2929A7C300437E97 /* SafariWebExtensionHandler.swift */ = {isa = PBXFileReference; lastKnownFileType = sourcecode.swift; path = SafariWebExtensionHandler.swift; sourceTree = "<group>"; };
		3BCF0C2D2929A7C300437E97 /* _locales */ = {isa = PBXFileReference; lastKnownFileType = folder; path = _locales; sourceTree = "<group>"; };
		3BCF0C2F2929A7C300437E97 /* images */ = {isa = PBXFileReference; lastKnownFileType = folder; path = images; sourceTree = "<group>"; };
		3BCF0C312929A7C300437E97 /* manifest.json */ = {isa = PBXFileReference; lastKnownFileType = text.json; path = manifest.json; sourceTree = "<group>"; };
		3BCF0C332929A7C300437E97 /* background.js */ = {isa = PBXFileReference; lastKnownFileType = sourcecode.javascript; path = background.js; sourceTree = "<group>"; };
		3BCF0C352929A7C300437E97 /* content.js */ = {isa = PBXFileReference; lastKnownFileType = sourcecode.javascript; path = content.js; sourceTree = "<group>"; };
		3BCF0C3D2929A7C300437E97 /* Info.plist */ = {isa = PBXFileReference; lastKnownFileType = text.plist.xml; path = Info.plist; sourceTree = "<group>"; };
/* End PBXFileReference section */

/* Begin PBXFrameworksBuildPhase section */
		3BCF0C052929A7C200437E97 /* Frameworks */ = {
			isa = PBXFrameworksBuildPhase;
			buildActionMask = 2147483647;
			files = (
			);
			runOnlyForDeploymentPostprocessing = 0;
		};
		3BCF0C222929A7C300437E97 /* Frameworks */ = {
			isa = PBXFrameworksBuildPhase;
			buildActionMask = 2147483647;
			files = (
			);
			runOnlyForDeploymentPostprocessing = 0;
		};
/* End PBXFrameworksBuildPhase section */

/* Begin PBXGroup section */
		3BCF0BFF2929A7C200437E97 = {
			isa = PBXGroup;
			children = (
				3BCF0C0A2929A7C200437E97 /* Kagi Search */,
				3BCF0C292929A7C300437E97 /* Kagi Search Extension */,
				3BCF0C092929A7C200437E97 /* Products */,
			);
			sourceTree = "<group>";
		};
		3BCF0C092929A7C200437E97 /* Products */ = {
			isa = PBXGroup;
			children = (
				3BCF0C082929A7C200437E97 /* Kagi Search.app */,
				3BCF0C252929A7C300437E97 /* Kagi Search Extension.appex */,
			);
			name = Products;
			sourceTree = "<group>";
		};
		3BCF0C0A2929A7C200437E97 /* Kagi Search */ = {
			isa = PBXGroup;
			children = (
				3BCF0C0B2929A7C200437E97 /* AppDelegate.swift */,
				3BCF0C152929A7C200437E97 /* SceneDelegate.swift */,
				3BCF0C172929A7C200437E97 /* ViewController.swift */,
				3BCF0C192929A7C200437E97 /* LaunchScreen.storyboard */,
				3BCF0C1C2929A7C200437E97 /* Main.storyboard */,
				3BCF0C1F2929A7C300437E97 /* Assets.xcassets */,
				3BCF0C202929A7C300437E97 /* Info.plist */,
				3BCF0C0D2929A7C200437E97 /* Resources */,
			);
			path = "Kagi Search";
			sourceTree = "<group>";
		};
		3BCF0C0D2929A7C200437E97 /* Resources */ = {
			isa = PBXGroup;
			children = (
				3BCF0C0E2929A7C200437E97 /* Main.html */,
				3BCF0C112929A7C200437E97 /* Icon.png */,
				3BCF0C132929A7C200437E97 /* Style.css */,
			);
			path = Resources;
			sourceTree = "<group>";
		};
		3BCF0C292929A7C300437E97 /* Kagi Search Extension */ = {
			isa = PBXGroup;
			children = (
				3BCF0C2A2929A7C300437E97 /* SafariWebExtensionHandler.swift */,
				3BCF0C3D2929A7C300437E97 /* Info.plist */,
				3BCF0C2C2929A7C300437E97 /* Resources */,
			);
			path = "Kagi Search Extension";
			sourceTree = "<group>";
		};
		3BCF0C2C2929A7C300437E97 /* Resources */ = {
			isa = PBXGroup;
			children = (
				3BCF0C2D2929A7C300437E97 /* _locales */,
				3BCF0C2F2929A7C300437E97 /* images */,
				3BCF0C312929A7C300437E97 /* manifest.json */,
				3BCF0C332929A7C300437E97 /* background.js */,
				3BCF0C352929A7C300437E97 /* content.js */,
			);
			path = Resources;
			sourceTree = "<group>";
		};
/* End PBXGroup section */

/* Begin PBXNativeTarget section */
		3BCF0C072929A7C200437E97 /* Kagi Search */ = {
			isa = PBXNativeTarget;
			buildConfigurationList = 3BCF0C452929A7C300437E97 /* Build configuration list for PBXNativeTarget "Kagi Search" */;
			buildPhases = (
				3BCF0C042929A7C200437E97 /* Sources */,
				3BCF0C052929A7C200437E97 /* Frameworks */,
				3BCF0C062929A7C200437E97 /* Resources */,
				3BCF0C442929A7C300437E97 /* Embed Foundation Extensions */,
			);
			buildRules = (
			);
			dependencies = (
				3BCF0C282929A7C300437E97 /* PBXTargetDependency */,
			);
			name = "Kagi Search";
			productName = "Kagi Search";
			productReference = 3BCF0C082929A7C200437E97 /* Kagi Search.app */;
			productType = "com.apple.product-type.application";
		};
		3BCF0C242929A7C300437E97 /* Kagi Search Extension */ = {
			isa = PBXNativeTarget;
			buildConfigurationList = 3BCF0C412929A7C300437E97 /* Build configuration list for PBXNativeTarget "Kagi Search Extension" */;
			buildPhases = (
				3BCF0C212929A7C300437E97 /* Sources */,
				3BCF0C222929A7C300437E97 /* Frameworks */,
				3BCF0C232929A7C300437E97 /* Resources */,
			);
			buildRules = (
			);
			dependencies = (
			);
			name = "Kagi Search Extension";
			productName = "Kagi Search Extension";
			productReference = 3BCF0C252929A7C300437E97 /* Kagi Search Extension.appex */;
			productType = "com.apple.product-type.app-extension";
		};
/* End PBXNativeTarget section */

/* Begin PBXProject section */
		3BCF0C002929A7C200437E97 /* Project object */ = {
			isa = PBXProject;
			attributes = {
				BuildIndependentTargetsInParallel = 1;
				LastSwiftUpdateCheck = 1410;
				LastUpgradeCheck = 1410;
				TargetAttributes = {
					3BCF0C072929A7C200437E97 = {
						CreatedOnToolsVersion = 14.1;
					};
					3BCF0C242929A7C300437E97 = {
						CreatedOnToolsVersion = 14.1;
					};
				};
			};
			buildConfigurationList = 3BCF0C032929A7C200437E97 /* Build configuration list for PBXProject "Kagi Search" */;
			compatibilityVersion = "Xcode 14.0";
			developmentRegion = en;
			hasScannedForEncodings = 0;
			knownRegions = (
				en,
				Base,
			);
			mainGroup = 3BCF0BFF2929A7C200437E97;
			productRefGroup = 3BCF0C092929A7C200437E97 /* Products */;
			projectDirPath = "";
			projectRoot = "";
			targets = (
				3BCF0C072929A7C200437E97 /* Kagi Search */,
				3BCF0C242929A7C300437E97 /* Kagi Search Extension */,
			);
		};
/* End PBXProject section */

/* Begin PBXResourcesBuildPhase section */
		3BCF0C062929A7C200437E97 /* Resources */ = {
			isa = PBXResourcesBuildPhase;
			buildActionMask = 2147483647;
			files = (
				3BCF0C122929A7C200437E97 /* Icon.png in Resources */,
				3BCF0C1E2929A7C200437E97 /* Main.storyboard in Resources */,
				3BCF0C1B2929A7C200437E97 /* LaunchScreen.storyboard in Resources */,
				3BCF0C102929A7C200437E97 /* Main.html in Resources */,
				3BCF0C3E2929A7C300437E97 /* Assets.xcassets in Resources */,
				3BCF0C142929A7C200437E97 /* Style.css in Resources */,
			);
			runOnlyForDeploymentPostprocessing = 0;
		};
		3BCF0C232929A7C300437E97 /* Resources */ = {
			isa = PBXResourcesBuildPhase;
			buildActionMask = 2147483647;
			files = (
				3BCF0C342929A7C300437E97 /* background.js in Resources */,
				3BCF0C302929A7C300437E97 /* images in Resources */,
				3BCF0C322929A7C300437E97 /* manifest.json in Resources */,
				3BCF0C2E2929A7C300437E97 /* _locales in Resources */,
				3BCF0C362929A7C300437E97 /* content.js in Resources */,
			);
			runOnlyForDeploymentPostprocessing = 0;
		};
/* End PBXResourcesBuildPhase section */

/* Begin PBXSourcesBuildPhase section */
		3BCF0C042929A7C200437E97 /* Sources */ = {
			isa = PBXSourcesBuildPhase;
			buildActionMask = 2147483647;
			files = (
				3BCF0C182929A7C200437E97 /* ViewController.swift in Sources */,
				3BCF0C0C2929A7C200437E97 /* AppDelegate.swift in Sources */,
				3BCF0C162929A7C200437E97 /* SceneDelegate.swift in Sources */,
			);
			runOnlyForDeploymentPostprocessing = 0;
		};
		3BCF0C212929A7C300437E97 /* Sources */ = {
			isa = PBXSourcesBuildPhase;
			buildActionMask = 2147483647;
			files = (
				3BCF0C2B2929A7C300437E97 /* SafariWebExtensionHandler.swift in Sources */,
			);
			runOnlyForDeploymentPostprocessing = 0;
		};
/* End PBXSourcesBuildPhase section */

/* Begin PBXTargetDependency section */
		3BCF0C282929A7C300437E97 /* PBXTargetDependency */ = {
			isa = PBXTargetDependency;
			target = 3BCF0C242929A7C300437E97 /* Kagi Search Extension */;
			targetProxy = 3BCF0C272929A7C300437E97 /* PBXContainerItemProxy */;
		};
/* End PBXTargetDependency section */

/* Begin PBXVariantGroup section */
		3BCF0C0E2929A7C200437E97 /* Main.html */ = {
			isa = PBXVariantGroup;
			children = (
				3BCF0C0F2929A7C200437E97 /* Base */,
			);
			name = Main.html;
			sourceTree = "<group>";
		};
		3BCF0C192929A7C200437E97 /* LaunchScreen.storyboard */ = {
			isa = PBXVariantGroup;
			children = (
				3BCF0C1A2929A7C200437E97 /* Base */,
			);
			name = LaunchScreen.storyboard;
			sourceTree = "<group>";
		};
		3BCF0C1C2929A7C200437E97 /* Main.storyboard */ = {
			isa = PBXVariantGroup;
			children = (
				3BCF0C1D2929A7C200437E97 /* Base */,
			);
			name = Main.storyboard;
			sourceTree = "<group>";
		};
/* End PBXVariantGroup section */

/* Begin XCBuildConfiguration section */
		3BCF0C3F2929A7C300437E97 /* Debug */ = {
			isa = XCBuildConfiguration;
			buildSettings = {
				ALWAYS_SEARCH_USER_PATHS = NO;
				ASSETCATALOG_COMPILER_INCLUDE_ALL_APPICON_ASSETS = YES;
				CLANG_ANALYZER_NONNULL = YES;
				CLANG_ANALYZER_NUMBER_OBJECT_CONVERSION = YES_AGGRESSIVE;
				CLANG_CXX_LANGUAGE_STANDARD = "gnu++20";
				CLANG_ENABLE_MODULES = YES;
				CLANG_ENABLE_OBJC_ARC = YES;
				CLANG_ENABLE_OBJC_WEAK = YES;
				CLANG_WARN_BLOCK_CAPTURE_AUTORELEASING = YES;
				CLANG_WARN_BOOL_CONVERSION = YES;
				CLANG_WARN_COMMA = YES;
				CLANG_WARN_CONSTANT_CONVERSION = YES;
				CLANG_WARN_DEPRECATED_OBJC_IMPLEMENTATIONS = YES;
				CLANG_WARN_DIRECT_OBJC_ISA_USAGE = YES_ERROR;
				CLANG_WARN_DOCUMENTATION_COMMENTS = YES;
				CLANG_WARN_EMPTY_BODY = YES;
				CLANG_WARN_ENUM_CONVERSION = YES;
				CLANG_WARN_INFINITE_RECURSION = YES;
				CLANG_WARN_INT_CONVERSION = YES;
				CLANG_WARN_NON_LITERAL_NULL_CONVERSION = YES;
				CLANG_WARN_OBJC_IMPLICIT_RETAIN_SELF = YES;
				CLANG_WARN_OBJC_LITERAL_CONVERSION = YES;
				CLANG_WARN_OBJC_ROOT_CLASS = YES_ERROR;
				CLANG_WARN_QUOTED_INCLUDE_IN_FRAMEWORK_HEADER = YES;
				CLANG_WARN_RANGE_LOOP_ANALYSIS = YES;
				CLANG_WARN_STRICT_PROTOTYPES = YES;
				CLANG_WARN_SUSPICIOUS_MOVE = YES;
				CLANG_WARN_UNGUARDED_AVAILABILITY = YES_AGGRESSIVE;
				CLANG_WARN_UNREACHABLE_CODE = YES;
				CLANG_WARN__DUPLICATE_METHOD_MATCH = YES;
				COPY_PHASE_STRIP = NO;
				DEBUG_INFORMATION_FORMAT = dwarf;
				ENABLE_STRICT_OBJC_MSGSEND = YES;
				ENABLE_TESTABILITY = YES;
				GCC_C_LANGUAGE_STANDARD = gnu11;
				GCC_DYNAMIC_NO_PIC = NO;
				GCC_NO_COMMON_BLOCKS = YES;
				GCC_OPTIMIZATION_LEVEL = 0;
				GCC_PREPROCESSOR_DEFINITIONS = (
					"DEBUG=1",
					"$(inherited)",
				);
				GCC_WARN_64_TO_32_BIT_CONVERSION = YES;
				GCC_WARN_ABOUT_RETURN_TYPE = YES_ERROR;
				GCC_WARN_UNDECLARED_SELECTOR = YES;
				GCC_WARN_UNINITIALIZED_AUTOS = YES_AGGRESSIVE;
				GCC_WARN_UNUSED_FUNCTION = YES;
				GCC_WARN_UNUSED_VARIABLE = YES;
				IPHONEOS_DEPLOYMENT_TARGET = 16.1;
				MTL_ENABLE_DEBUG_INFO = INCLUDE_SOURCE;
				MTL_FAST_MATH = YES;
				ONLY_ACTIVE_ARCH = YES;
				SDKROOT = iphoneos;
				SWIFT_ACTIVE_COMPILATION_CONDITIONS = DEBUG;
				SWIFT_OPTIMIZATION_LEVEL = "-Onone";
			};
			name = Debug;
		};
		3BCF0C402929A7C300437E97 /* Release */ = {
			isa = XCBuildConfiguration;
			buildSettings = {
				ALWAYS_SEARCH_USER_PATHS = NO;
				"ASSETCATALOG_COMPILER_APPICON_NAME[sdk=*]" = "";
				ASSETCATALOG_COMPILER_INCLUDE_ALL_APPICON_ASSETS = YES;
				CLANG_ANALYZER_NONNULL = YES;
				CLANG_ANALYZER_NUMBER_OBJECT_CONVERSION = YES_AGGRESSIVE;
				CLANG_CXX_LANGUAGE_STANDARD = "gnu++20";
				CLANG_ENABLE_MODULES = YES;
				CLANG_ENABLE_OBJC_ARC = YES;
				CLANG_ENABLE_OBJC_WEAK = YES;
				CLANG_WARN_BLOCK_CAPTURE_AUTORELEASING = YES;
				CLANG_WARN_BOOL_CONVERSION = YES;
				CLANG_WARN_COMMA = YES;
				CLANG_WARN_CONSTANT_CONVERSION = YES;
				CLANG_WARN_DEPRECATED_OBJC_IMPLEMENTATIONS = YES;
				CLANG_WARN_DIRECT_OBJC_ISA_USAGE = YES_ERROR;
				CLANG_WARN_DOCUMENTATION_COMMENTS = YES;
				CLANG_WARN_EMPTY_BODY = YES;
				CLANG_WARN_ENUM_CONVERSION = YES;
				CLANG_WARN_INFINITE_RECURSION = YES;
				CLANG_WARN_INT_CONVERSION = YES;
				CLANG_WARN_NON_LITERAL_NULL_CONVERSION = YES;
				CLANG_WARN_OBJC_IMPLICIT_RETAIN_SELF = YES;
				CLANG_WARN_OBJC_LITERAL_CONVERSION = YES;
				CLANG_WARN_OBJC_ROOT_CLASS = YES_ERROR;
				CLANG_WARN_QUOTED_INCLUDE_IN_FRAMEWORK_HEADER = YES;
				CLANG_WARN_RANGE_LOOP_ANALYSIS = YES;
				CLANG_WARN_STRICT_PROTOTYPES = YES;
				CLANG_WARN_SUSPICIOUS_MOVE = YES;
				CLANG_WARN_UNGUARDED_AVAILABILITY = YES_AGGRESSIVE;
				CLANG_WARN_UNREACHABLE_CODE = YES;
				CLANG_WARN__DUPLICATE_METHOD_MATCH = YES;
				COPY_PHASE_STRIP = NO;
				DEBUG_INFORMATION_FORMAT = "dwarf-with-dsym";
				ENABLE_NS_ASSERTIONS = NO;
				ENABLE_STRICT_OBJC_MSGSEND = YES;
				GCC_C_LANGUAGE_STANDARD = gnu11;
				GCC_NO_COMMON_BLOCKS = YES;
				GCC_WARN_64_TO_32_BIT_CONVERSION = YES;
				GCC_WARN_ABOUT_RETURN_TYPE = YES_ERROR;
				GCC_WARN_UNDECLARED_SELECTOR = YES;
				GCC_WARN_UNINITIALIZED_AUTOS = YES_AGGRESSIVE;
				GCC_WARN_UNUSED_FUNCTION = YES;
				GCC_WARN_UNUSED_VARIABLE = YES;
				IPHONEOS_DEPLOYMENT_TARGET = 16.1;
				MTL_ENABLE_DEBUG_INFO = NO;
				MTL_FAST_MATH = YES;
				SDKROOT = iphoneos;
				SWIFT_COMPILATION_MODE = wholemodule;
				SWIFT_OPTIMIZATION_LEVEL = "-O";
				VALIDATE_PRODUCT = YES;
			};
			name = Release;
		};
		3BCF0C422929A7C300437E97 /* Debug */ = {
			isa = XCBuildConfiguration;
			buildSettings = {
				"CODE_SIGN_IDENTITY[sdk=iphoneos*]" = "iPhone Distribution";
				CODE_SIGN_STYLE = Manual;
				CURRENT_PROJECT_VERSION = 35;
				DEVELOPMENT_TEAM = "";
				"DEVELOPMENT_TEAM[sdk=iphoneos*]" = N9RU4UJVVD;
				GENERATE_INFOPLIST_FILE = YES;
				INFOPLIST_FILE = "Kagi Search Extension/Info.plist";
				INFOPLIST_KEY_CFBundleDisplayName = "Kagi Search Extension";
				INFOPLIST_KEY_NSHumanReadableCopyright = "";
				IPHONEOS_DEPLOYMENT_TARGET = 15.0;
				LD_RUNPATH_SEARCH_PATHS = (
					"$(inherited)",
					"@executable_path/Frameworks",
					"@executable_path/../../Frameworks",
				);
				MARKETING_VERSION = 1.0;
				OTHER_LDFLAGS = (
					"-framework",
					SafariServices,
				);
				PRODUCT_BUNDLE_IDENTIFIER = "jakubfilo.Kagi-Search.Extension";
				PRODUCT_NAME = "$(TARGET_NAME)";
				PROVISIONING_PROFILE_SPECIFIER = "";
				"PROVISIONING_PROFILE_SPECIFIER[sdk=iphoneos*]" = "match AppStore jakubfilo.Kagi-Search.Extension";
				SKIP_INSTALL = YES;
				SWIFT_EMIT_LOC_STRINGS = YES;
				SWIFT_VERSION = 5.0;
				TARGETED_DEVICE_FAMILY = "1,2";
			};
			name = Debug;
		};
		3BCF0C432929A7C300437E97 /* Release */ = {
			isa = XCBuildConfiguration;
			buildSettings = {
				"CODE_SIGN_IDENTITY[sdk=iphoneos*]" = "iPhone Distribution";
				CODE_SIGN_STYLE = Manual;
				CURRENT_PROJECT_VERSION = 35;
				DEVELOPMENT_TEAM = "";
				"DEVELOPMENT_TEAM[sdk=iphoneos*]" = N9RU4UJVVD;
				GENERATE_INFOPLIST_FILE = YES;
				INFOPLIST_FILE = "Kagi Search Extension/Info.plist";
				INFOPLIST_KEY_CFBundleDisplayName = "Kagi Search Extension";
				INFOPLIST_KEY_NSHumanReadableCopyright = "";
				IPHONEOS_DEPLOYMENT_TARGET = 15.0;
				LD_RUNPATH_SEARCH_PATHS = (
					"$(inherited)",
					"@executable_path/Frameworks",
					"@executable_path/../../Frameworks",
				);
				MARKETING_VERSION = 1.0;
				OTHER_LDFLAGS = (
					"-framework",
					SafariServices,
				);
				PRODUCT_BUNDLE_IDENTIFIER = "jakubfilo.Kagi-Search.Extension";
				PRODUCT_NAME = "$(TARGET_NAME)";
				PROVISIONING_PROFILE_SPECIFIER = "";
				"PROVISIONING_PROFILE_SPECIFIER[sdk=iphoneos*]" = "match AppStore jakubfilo.Kagi-Search.Extension";
				SKIP_INSTALL = YES;
				SWIFT_EMIT_LOC_STRINGS = YES;
				SWIFT_VERSION = 5.0;
				TARGETED_DEVICE_FAMILY = "1,2";
			};
			name = Release;
		};
		3BCF0C462929A7C300437E97 /* Debug */ = {
			isa = XCBuildConfiguration;
			buildSettings = {
				ALWAYS_EMBED_SWIFT_STANDARD_LIBRARIES = YES;
				ASSETCATALOG_COMPILER_APPICON_NAME = AppIcon;
				ASSETCATALOG_COMPILER_GLOBAL_ACCENT_COLOR_NAME = AccentColor;
				"CODE_SIGN_IDENTITY[sdk=iphoneos*]" = "iPhone Distribution";
				CODE_SIGN_STYLE = Manual;
				CURRENT_PROJECT_VERSION = 35;
				DEVELOPMENT_TEAM = "";
				"DEVELOPMENT_TEAM[sdk=iphoneos*]" = N9RU4UJVVD;
				GENERATE_INFOPLIST_FILE = YES;
				INFOPLIST_FILE = "Kagi Search/Info.plist";
				INFOPLIST_KEY_CFBundleDisplayName = "Kagi Search";
				INFOPLIST_KEY_UIApplicationSupportsIndirectInputEvents = YES;
				INFOPLIST_KEY_UILaunchStoryboardName = LaunchScreen;
				INFOPLIST_KEY_UIMainStoryboardFile = Main;
				INFOPLIST_KEY_UISupportedInterfaceOrientations_iPad = "UIInterfaceOrientationPortrait UIInterfaceOrientationPortraitUpsideDown UIInterfaceOrientationLandscapeLeft UIInterfaceOrientationLandscapeRight";
				INFOPLIST_KEY_UISupportedInterfaceOrientations_iPhone = "UIInterfaceOrientationPortrait UIInterfaceOrientationLandscapeLeft UIInterfaceOrientationLandscapeRight";
				IPHONEOS_DEPLOYMENT_TARGET = 15.0;
				LD_RUNPATH_SEARCH_PATHS = (
					"$(inherited)",
					"@executable_path/Frameworks",
				);
				MARKETING_VERSION = 1.0;
				OTHER_LDFLAGS = (
					"-framework",
					SafariServices,
					"-framework",
					WebKit,
				);
				PRODUCT_BUNDLE_IDENTIFIER = "jakubfilo.Kagi-Search";
				PRODUCT_NAME = "$(TARGET_NAME)";
				PROVISIONING_PROFILE_SPECIFIER = "";
				"PROVISIONING_PROFILE_SPECIFIER[sdk=iphoneos*]" = "match AppStore jakubfilo.Kagi-Search";
				SWIFT_EMIT_LOC_STRINGS = YES;
				SWIFT_VERSION = 5.0;
				TARGETED_DEVICE_FAMILY = "1,2";
			};
			name = Debug;
		};
		3BCF0C472929A7C300437E97 /* Release */ = {
			isa = XCBuildConfiguration;
			buildSettings = {
				ALWAYS_EMBED_SWIFT_STANDARD_LIBRARIES = YES;
				ASSETCATALOG_COMPILER_APPICON_NAME = AppIcon;
				ASSETCATALOG_COMPILER_GLOBAL_ACCENT_COLOR_NAME = AccentColor;
				"CODE_SIGN_IDENTITY[sdk=iphoneos*]" = "iPhone Distribution";
				CODE_SIGN_STYLE = Manual;
				CURRENT_PROJECT_VERSION = 35;
				DEVELOPMENT_TEAM = "";
				"DEVELOPMENT_TEAM[sdk=iphoneos*]" = N9RU4UJVVD;
				GENERATE_INFOPLIST_FILE = YES;
				INFOPLIST_FILE = "Kagi Search/Info.plist";
				INFOPLIST_KEY_CFBundleDisplayName = "Kagi Search";
				INFOPLIST_KEY_UIApplicationSupportsIndirectInputEvents = YES;
				INFOPLIST_KEY_UILaunchStoryboardName = LaunchScreen;
				INFOPLIST_KEY_UIMainStoryboardFile = Main;
				INFOPLIST_KEY_UISupportedInterfaceOrientations_iPad = "UIInterfaceOrientationPortrait UIInterfaceOrientationPortraitUpsideDown UIInterfaceOrientationLandscapeLeft UIInterfaceOrientationLandscapeRight";
				INFOPLIST_KEY_UISupportedInterfaceOrientations_iPhone = "UIInterfaceOrientationPortrait UIInterfaceOrientationLandscapeLeft UIInterfaceOrientationLandscapeRight";
				IPHONEOS_DEPLOYMENT_TARGET = 15.0;
				LD_RUNPATH_SEARCH_PATHS = (
					"$(inherited)",
					"@executable_path/Frameworks",
				);
				MARKETING_VERSION = 1.0;
				OTHER_LDFLAGS = (
					"-framework",
					SafariServices,
					"-framework",
					WebKit,
				);
				PRODUCT_BUNDLE_IDENTIFIER = "jakubfilo.Kagi-Search";
				PRODUCT_NAME = "$(TARGET_NAME)";
				PROVISIONING_PROFILE_SPECIFIER = "";
				"PROVISIONING_PROFILE_SPECIFIER[sdk=iphoneos*]" = "match AppStore jakubfilo.Kagi-Search";
				SWIFT_EMIT_LOC_STRINGS = YES;
				SWIFT_VERSION = 5.0;
				TARGETED_DEVICE_FAMILY = "1,2";
			};
			name = Release;
		};
/* End XCBuildConfiguration section */

/* Begin XCConfigurationList section */
		3BCF0C032929A7C200437E97 /* Build configuration list for PBXProject "Kagi Search" */ = {
			isa = XCConfigurationList;
			buildConfigurations = (
				3BCF0C3F2929A7C300437E97 /* Debug */,
				3BCF0C402929A7C300437E97 /* Release */,
			);
			defaultConfigurationIsVisible = 0;
			defaultConfigurationName = Release;
		};
		3BCF0C412929A7C300437E97 /* Build configuration list for PBXNativeTarget "Kagi Search Extension" */ = {
			isa = XCConfigurationList;
			buildConfigurations = (
				3BCF0C422929A7C300437E97 /* Debug */,
				3BCF0C432929A7C300437E97 /* Release */,
			);
			defaultConfigurationIsVisible = 0;
			defaultConfigurationName = Release;
		};
		3BCF0C452929A7C300437E97 /* Build configuration list for PBXNativeTarget "Kagi Search" */ = {
			isa = XCConfigurationList;
			buildConfigurations = (
				3BCF0C462929A7C300437E97 /* Debug */,
				3BCF0C472929A7C300437E97 /* Release */,
			);
			defaultConfigurationIsVisible = 0;
			defaultConfigurationName = Release;
		};
/* End XCConfigurationList section */
	};
	rootObject = 3BCF0C002929A7C200437E97 /* Project object */;
}
